<?xml version="1.0" encoding="utf-8"?>
<Project ToolsVersion="4.0" xmlns="http://schemas.microsoft.com/developer/msbuild/2003">
  <ItemGroup>
    <Filter Include="Sources">
      <UniqueIdentifier>{4FC737F1-C7A5-4376-A066-2A32D752A2FF}</UniqueIdentifier>
      <Extensions>cpp;c;cc;cxx;def;odl;idl;hpj;bat;asm;asmx</Extensions>
    </Filter>
    <Filter Include="Headers">
      <UniqueIdentifier>{93995380-89BD-4b04-88EB-625FBE52EBFB}</UniqueIdentifier>
      <Extensions>h;hh;hpp;hxx;hm;inl;inc;ipp;xsd</Extensions>
    </Filter>
    <Filter Include="SDK">
      <UniqueIdentifier>{c3a5d962-5d8e-444f-8868-fa4658b90851}</UniqueIdentifier>
    </Filter>
    <Filter Include="API">
      <UniqueIdentifier>{95f1bd50-df51-4d5e-8677-5da57f83509a}</UniqueIdentifier>
    </Filter>
  </ItemGroup>
  <ItemGroup>
    <ClCompile Include="sdk\amxxmodule.cpp">
      <Filter>SDK</Filter>
    </ClCompile>
    <ClCompile Include="Node.cpp">
      <Filter>Sources</Filter>
    </ClCompile>
    <ClCompile Include="Path.cpp">
      <Filter>Sources</Filter>
    </ClCompile>
    <ClCompile Include="Command.cpp">
      <Filter>Sources</Filter>
    </ClCompile>
    <ClCompile Include="Utils.cpp">
      <Filter>Sources</Filter>
    </ClCompile>
    <ClCompile Include="NodeManager.cpp">
      <Filter>Sources</Filter>
    </ClCompile>
    <ClCompile Include="Waypoint.cpp">
      <Filter>Sources</Filter>
    </ClCompile>
    <ClCompile Include="PathFinder.cpp">
      <Filter>Sources</Filter>
    </ClCompile>
    <ClCompile Include="amxxapi.cpp">
      <Filter>Sources</Filter>
    </ClCompile>
    <ClCompile Include="waypoint_api\WaypointApi.cpp">
      <Filter>API</Filter>
    </ClCompile>
  </ItemGroup>
  <ItemGroup>
    <ClInclude Include="sdk\amxxmodule.h">
      <Filter>SDK</Filter>
    </ClInclude>
    <ClInclude Include="sdk\moduleconfig.h">
      <Filter>SDK</Filter>
    </ClInclude>
    <ClInclude Include="Utils.h">
      <Filter>Headers</Filter>
    </ClInclude>
    <ClInclude Include="Command.h">
      <Filter>Headers</Filter>
    </ClInclude>
    <ClInclude Include="NodeManager.h">
      <Filter>Headers</Filter>
    </ClInclude>
    <ClInclude Include="Waypoint.h">
      <Filter>Headers</Filter>
    </ClInclude>
    <ClInclude Include="PathFinder.h">
      <Filter>Headers</Filter>
    </ClInclude>
    <ClInclude Include="amxxapi.h">
      <Filter>Headers</Filter>
    </ClInclude>
    <ClInclude Include="Node.h">
      <Filter>Headers</Filter>
    </ClInclude>
    <ClInclude Include="Path.h">
      <Filter>Headers</Filter>
    </ClInclude>
    <ClInclude Include="waypoint_api\WaypointApi.h">
      <Filter>API</Filter>
    </ClInclude>
  </ItemGroup>
</Project>